// !$*UTF8*$!
{
	archiveVersion = 1;
	classes = {
	};
	objectVersion = 56;
	objects = {

/* Begin PBXBuildFile section */
		F3E150672D38A2C9009926ED /* AppDelegate.mm in Sources */ = {isa = PBXBuildFile; fileRef = F3E150662D38A2C9009926ED /* AppDelegate.mm */; };
		F3E1506A2D38A2C9009926ED /* SceneDelegate.m in Sources */ = {isa = PBXBuildFile; fileRef = F3E150692D38A2C9009926ED /* SceneDelegate.m */; };
		F3E1506D2D38A2C9009926ED /* ViewController.m in Sources */ = {isa = PBXBuildFile; fileRef = F3E1506C2D38A2C9009926ED /* ViewController.m */; };
		F3E150702D38A2C9009926ED /* Main.storyboard in Resources */ = {isa = PBXBuildFile; fileRef = F3E1506E2D38A2C9009926ED /* Main.storyboard */; };
		F3E150732D38A2C9009926ED /* shuwen_video_ios.xcdatamodeld in Sources */ = {isa = PBXBuildFile; fileRef = F3E150712D38A2C9009926ED /* shuwen_video_ios.xcdatamodeld */; };
		F3E150752D38A2CA009926ED /* Assets.xcassets in Resources */ = {isa = PBXBuildFile; fileRef = F3E150742D38A2CA009926ED /* Assets.xcassets */; };
		F3E150782D38A2CA009926ED /* LaunchScreen.storyboard in Resources */ = {isa = PBXBuildFile; fileRef = F3E150762D38A2CA009926ED /* LaunchScreen.storyboard */; };
		F3E1507B2D38A2CA009926ED /* main.m in Sources */ = {isa = PBXBuildFile; fileRef = F3E1507A2D38A2CA009926ED /* main.m */; };
		F3E150852D38A2CA009926ED /* shuwen_video_iosTests.m in Sources */ = {isa = PBXBuildFile; fileRef = F3E150842D38A2CA009926ED /* shuwen_video_iosTests.m */; };
		F3E1508F2D38A2CA009926ED /* shuwen_video_iosUITests.m in Sources */ = {isa = PBXBuildFile; fileRef = F3E1508E2D38A2CA009926ED /* shuwen_video_iosUITests.m */; };
		F3E150912D38A2CA009926ED /* shuwen_video_iosUITestsLaunchTests.m in Sources */ = {isa = PBXBuildFile; fileRef = F3E150902D38A2CA009926ED /* shuwen_video_iosUITestsLaunchTests.m */; };
/* End PBXBuildFile section */

/* Begin PBXContainerItemProxy section */
		F3E150812D38A2CA009926ED /* PBXContainerItemProxy */ = {
			isa = PBXContainerItemProxy;
			containerPortal = F3E1505A2D38A2C9009926ED /* Project object */;
			proxyType = 1;
			remoteGlobalIDString = F3E150612D38A2C9009926ED;
			remoteInfo = "shuwen-video-ios";
		};
		F3E1508B2D38A2CA009926ED /* PBXContainerItemProxy */ = {
			isa = PBXContainerItemProxy;
			containerPortal = F3E1505A2D38A2C9009926ED /* Project object */;
			proxyType = 1;
			remoteGlobalIDString = F3E150612D38A2C9009926ED;
			remoteInfo = "shuwen-video-ios";
		};
/* End PBXContainerItemProxy section */

/* Begin PBXFileReference section */
		F3E150622D38A2C9009926ED /* shuwen-video-ios.app */ = {isa = PBXFileReference; explicitFileType = wrapper.application; includeInIndex = 0; path = "shuwen-video-ios.app"; sourceTree = BUILT_PRODUCTS_DIR; };
		F3E150652D38A2C9009926ED /* AppDelegate.h */ = {isa = PBXFileReference; lastKnownFileType = sourcecode.c.h; path = AppDelegate.h; sourceTree = "<group>"; };
		F3E150662D38A2C9009926ED /* AppDelegate.mm */ = {isa = PBXFileReference; lastKnownFileType = sourcecode.cpp.objcpp; path = AppDelegate.mm; sourceTree = "<group>"; };
		F3E150682D38A2C9009926ED /* SceneDelegate.h */ = {isa = PBXFileReference; lastKnownFileType = sourcecode.c.h; path = SceneDelegate.h; sourceTree = "<group>"; };
		F3E150692D38A2C9009926ED /* SceneDelegate.m */ = {isa = PBXFileReference; lastKnownFileType = sourcecode.c.objc; path = SceneDelegate.m; sourceTree = "<group>"; };
		F3E1506B2D38A2C9009926ED /* ViewController.h */ = {isa = PBXFileReference; lastKnownFileType = sourcecode.c.h; path = ViewController.h; sourceTree = "<group>"; };
		F3E1506C2D38A2C9009926ED /* ViewController.m */ = {isa = PBXFileReference; lastKnownFileType = sourcecode.c.objc; path = ViewController.m; sourceTree = "<group>"; };
		F3E1506F2D38A2C9009926ED /* Base */ = {isa = PBXFileReference; lastKnownFileType = file.storyboard; name = Base; path = Base.lproj/Main.storyboard; sourceTree = "<group>"; };
		F3E150722D38A2C9009926ED /* shuwen_video_ios.xcdatamodel */ = {isa = PBXFileReference; lastKnownFileType = wrapper.xcdatamodel; path = shuwen_video_ios.xcdatamodel; sourceTree = "<group>"; };
		F3E150742D38A2CA009926ED /* Assets.xcassets */ = {isa = PBXFileReference; lastKnownFileType = folder.assetcatalog; path = Assets.xcassets; sourceTree = "<group>"; };
		F3E150772D38A2CA009926ED /* Base */ = {isa = PBXFileReference; lastKnownFileType = file.storyboard; name = Base; path = Base.lproj/LaunchScreen.storyboard; sourceTree = "<group>"; };
		F3E150792D38A2CA009926ED /* Info.plist */ = {isa = PBXFileReference; lastKnownFileType = text.plist.xml; path = Info.plist; sourceTree = "<group>"; };
		F3E1507A2D38A2CA009926ED /* main.m */ = {isa = PBXFileReference; lastKnownFileType = sourcecode.c.objc; path = main.m; sourceTree = "<group>"; };
		F3E150802D38A2CA009926ED /* shuwen-video-iosTests.xctest */ = {isa = PBXFileReference; explicitFileType = wrapper.cfbundle; includeInIndex = 0; path = "shuwen-video-iosTests.xctest"; sourceTree = BUILT_PRODUCTS_DIR; };
		F3E150842D38A2CA009926ED /* shuwen_video_iosTests.m */ = {isa = PBXFileReference; lastKnownFileType = sourcecode.c.objc; path = shuwen_video_iosTests.m; sourceTree = "<group>"; };
		F3E1508A2D38A2CA009926ED /* shuwen-video-iosUITests.xctest */ = {isa = PBXFileReference; explicitFileType = wrapper.cfbundle; includeInIndex = 0; path = "shuwen-video-iosUITests.xctest"; sourceTree = BUILT_PRODUCTS_DIR; };
		F3E1508E2D38A2CA009926ED /* shuwen_video_iosUITests.m */ = {isa = PBXFileReference; lastKnownFileType = sourcecode.c.objc; path = shuwen_video_iosUITests.m; sourceTree = "<group>"; };
		F3E150902D38A2CA009926ED /* shuwen_video_iosUITestsLaunchTests.m */ = {isa = PBXFileReference; lastKnownFileType = sourcecode.c.objc; path = shuwen_video_iosUITestsLaunchTests.m; sourceTree = "<group>"; };
/* End PBXFileReference section */

/* Begin PBXFrameworksBuildPhase section */
		F3E1505F2D38A2C9009926ED /* Frameworks */ = {
			isa = PBXFrameworksBuildPhase;
			buildActionMask = 2147483647;
			files = (
			);
			runOnlyForDeploymentPostprocessing = 0;
		};
		F3E1507D2D38A2CA009926ED /* Frameworks */ = {
			isa = PBXFrameworksBuildPhase;
			buildActionMask = 2147483647;
			files = (
			);
			runOnlyForDeploymentPostprocessing = 0;
		};
		F3E150872D38A2CA009926ED /* Frameworks */ = {
			isa = PBXFrameworksBuildPhase;
			buildActionMask = 2147483647;
			files = (
			);
			runOnlyForDeploymentPostprocessing = 0;
		};
/* End PBXFrameworksBuildPhase section */

/* Begin PBXGroup section */
		F3E150592D38A2C9009926ED = {
			isa = PBXGroup;
			children = (
				F3E150642D38A2C9009926ED /* shuwen-video-ios */,
				F3E150832D38A2CA009926ED /* shuwen-video-iosTests */,
				F3E1508D2D38A2CA009926ED /* shuwen-video-iosUITests */,
				F3E150632D38A2C9009926ED /* Products */,
			);
			sourceTree = "<group>";
		};
		F3E150632D38A2C9009926ED /* Products */ = {
			isa = PBXGroup;
			children = (
				F3E150622D38A2C9009926ED /* shuwen-video-ios.app */,
				F3E150802D38A2CA009926ED /* shuwen-video-iosTests.xctest */,
				F3E1508A2D38A2CA009926ED /* shuwen-video-iosUITests.xctest */,
			);
			name = Products;
			sourceTree = "<group>";
		};
		F3E150642D38A2C9009926ED /* shuwen-video-ios */ = {
			isa = PBXGroup;
			children = (
				F3E150652D38A2C9009926ED /* AppDelegate.h */,
				F3E150662D38A2C9009926ED /* AppDelegate.mm */,
				F3E150682D38A2C9009926ED /* SceneDelegate.h */,
				F3E150692D38A2C9009926ED /* SceneDelegate.m */,
				F3E1506B2D38A2C9009926ED /* ViewController.h */,
				F3E1506C2D38A2C9009926ED /* ViewController.m */,
				F3E1506E2D38A2C9009926ED /* Main.storyboard */,
				F3E150742D38A2CA009926ED /* Assets.xcassets */,
				F3E150762D38A2CA009926ED /* LaunchScreen.storyboard */,
				F3E150792D38A2CA009926ED /* Info.plist */,
				F3E1507A2D38A2CA009926ED /* main.m */,
				F3E150712D38A2C9009926ED /* shuwen_video_ios.xcdatamodeld */,
			);
			path = "shuwen-video-ios";
			sourceTree = "<group>";
		};
		F3E150832D38A2CA009926ED /* shuwen-video-iosTests */ = {
			isa = PBXGroup;
			children = (
				F3E150842D38A2CA009926ED /* shuwen_video_iosTests.m */,
			);
			path = "shuwen-video-iosTests";
			sourceTree = "<group>";
		};
		F3E1508D2D38A2CA009926ED /* shuwen-video-iosUITests */ = {
			isa = PBXGroup;
			children = (
				F3E1508E2D38A2CA009926ED /* shuwen_video_iosUITests.m */,
				F3E150902D38A2CA009926ED /* shuwen_video_iosUITestsLaunchTests.m */,
			);
			path = "shuwen-video-iosUITests";
			sourceTree = "<group>";
		};
/* End PBXGroup section */

/* Begin PBXNativeTarget section */
		F3E150612D38A2C9009926ED /* shuwen-video-ios */ = {
			isa = PBXNativeTarget;
			buildConfigurationList = F3E150942D38A2CA009926ED /* Build configuration list for PBXNativeTarget "shuwen-video-ios" */;
			buildPhases = (
				F3E1505E2D38A2C9009926ED /* Sources */,
				F3E1505F2D38A2C9009926ED /* Frameworks */,
				F3E150602D38A2C9009926ED /* Resources */,
			);
			buildRules = (
			);
			dependencies = (
			);
			name = "shuwen-video-ios";
			productName = "shuwen-video-ios";
			productReference = F3E150622D38A2C9009926ED /* shuwen-video-ios.app */;
			productType = "com.apple.product-type.application";
		};
		F3E1507F2D38A2CA009926ED /* shuwen-video-iosTests */ = {
			isa = PBXNativeTarget;
			buildConfigurationList = F3E150972D38A2CA009926ED /* Build configuration list for PBXNativeTarget "shuwen-video-iosTests" */;
			buildPhases = (
				F3E1507C2D38A2CA009926ED /* Sources */,
				F3E1507D2D38A2CA009926ED /* Frameworks */,
				F3E1507E2D38A2CA009926ED /* Resources */,
			);
			buildRules = (
			);
			dependencies = (
				F3E150822D38A2CA009926ED /* PBXTargetDependency */,
			);
			name = "shuwen-video-iosTests";
			productName = "shuwen-video-iosTests";
			productReference = F3E150802D38A2CA009926ED /* shuwen-video-iosTests.xctest */;
			productType = "com.apple.product-type.bundle.unit-test";
		};
		F3E150892D38A2CA009926ED /* shuwen-video-iosUITests */ = {
			isa = PBXNativeTarget;
			buildConfigurationList = F3E1509A2D38A2CA009926ED /* Build configuration list for PBXNativeTarget "shuwen-video-iosUITests" */;
			buildPhases = (
				F3E150862D38A2CA009926ED /* Sources */,
				F3E150872D38A2CA009926ED /* Frameworks */,
				F3E150882D38A2CA009926ED /* Resources */,
			);
			buildRules = (
			);
			dependencies = (
				F3E1508C2D38A2CA009926ED /* PBXTargetDependency */,
			);
			name = "shuwen-video-iosUITests";
			productName = "shuwen-video-iosUITests";
			productReference = F3E1508A2D38A2CA009926ED /* shuwen-video-iosUITests.xctest */;
			productType = "com.apple.product-type.bundle.ui-testing";
		};
/* End PBXNativeTarget section */

/* Begin PBXProject section */
		F3E1505A2D38A2C9009926ED /* Project object */ = {
			isa = PBXProject;
			attributes = {
				BuildIndependentTargetsInParallel = 1;
				LastUpgradeCheck = 1430;
				TargetAttributes = {
					F3E150612D38A2C9009926ED = {
						CreatedOnToolsVersion = 14.3.1;
					};
					F3E1507F2D38A2CA009926ED = {
						CreatedOnToolsVersion = 14.3.1;
						TestTargetID = F3E150612D38A2C9009926ED;
					};
					F3E150892D38A2CA009926ED = {
						CreatedOnToolsVersion = 14.3.1;
						TestTargetID = F3E150612D38A2C9009926ED;
					};
				};
			};
			buildConfigurationList = F3E1505D2D38A2C9009926ED /* Build configuration list for PBXProject "shuwen-video-ios" */;
			compatibilityVersion = "Xcode 14.0";
			developmentRegion = en;
			hasScannedForEncodings = 0;
			knownRegions = (
				en,
				Base,
			);
			mainGroup = F3E150592D38A2C9009926ED;
			productRefGroup = F3E150632D38A2C9009926ED /* Products */;
			projectDirPath = "";
			projectRoot = "";
			targets = (
				F3E150612D38A2C9009926ED /* shuwen-video-ios */,
				F3E1507F2D38A2CA009926ED /* shuwen-video-iosTests */,
				F3E150892D38A2CA009926ED /* shuwen-video-iosUITests */,
			);
		};
/* End PBXProject section */

/* Begin PBXResourcesBuildPhase section */
		F3E150602D38A2C9009926ED /* Resources */ = {
			isa = PBXResourcesBuildPhase;
			buildActionMask = 2147483647;
			files = (
				F3E150782D38A2CA009926ED /* LaunchScreen.storyboard in Resources */,
				F3E150752D38A2CA009926ED /* Assets.xcassets in Resources */,
				F3E150702D38A2C9009926ED /* Main.storyboard in Resources */,
			);
			runOnlyForDeploymentPostprocessing = 0;
		};
		F3E1507E2D38A2CA009926ED /* Resources */ = {
			isa = PBXResourcesBuildPhase;
			buildActionMask = 2147483647;
			files = (
			);
			runOnlyForDeploymentPostprocessing = 0;
		};
		F3E150882D38A2CA009926ED /* Resources */ = {
			isa = PBXResourcesBuildPhase;
			buildActionMask = 2147483647;
			files = (
			);
			runOnlyForDeploymentPostprocessing = 0;
		};
/* End PBXResourcesBuildPhase section */

/* Begin PBXSourcesBuildPhase section */
		F3E1505E2D38A2C9009926ED /* Sources */ = {
			isa = PBXSourcesBuildPhase;
			buildActionMask = 2147483647;
			files = (
				F3E1507B2D38A2CA009926ED /* main.m in Sources */,
				F3E1506D2D38A2C9009926ED /* ViewController.m in Sources */,
				F3E150672D38A2C9009926ED /* AppDelegate.mm in Sources */,
				F3E1506A2D38A2C9009926ED /* SceneDelegate.m in Sources */,
				F3E150732D38A2C9009926ED /* shuwen_video_ios.xcdatamodeld in Sources */,
			);
			runOnlyForDeploymentPostprocessing = 0;
		};
		F3E1507C2D38A2CA009926ED /* Sources */ = {
			isa = PBXSourcesBuildPhase;
			buildActionMask = 2147483647;
			files = (
				F3E150852D38A2CA009926ED /* shuwen_video_iosTests.m in Sources */,
			);
			runOnlyForDeploymentPostprocessing = 0;
		};
		F3E150862D38A2CA009926ED /* Sources */ = {
			isa = PBXSourcesBuildPhase;
			buildActionMask = 2147483647;
			files = (
				F3E150912D38A2CA009926ED /* shuwen_video_iosUITestsLaunchTests.m in Sources */,
				F3E1508F2D38A2CA009926ED /* shuwen_video_iosUITests.m in Sources */,
			);
			runOnlyForDeploymentPostprocessing = 0;
		};
/* End PBXSourcesBuildPhase section */

/* Begin PBXTargetDependency section */
		F3E150822D38A2CA009926ED /* PBXTargetDependency */ = {
			isa = PBXTargetDependency;
			target = F3E150612D38A2C9009926ED /* shuwen-video-ios */;
			targetProxy = F3E150812D38A2CA009926ED /* PBXContainerItemProxy */;
		};
		F3E1508C2D38A2CA009926ED /* PBXTargetDependency */ = {
			isa = PBXTargetDependency;
			target = F3E150612D38A2C9009926ED /* shuwen-video-ios */;
			targetProxy = F3E1508B2D38A2CA009926ED /* PBXContainerItemProxy */;
		};
/* End PBXTargetDependency section */

/* Begin PBXVariantGroup section */
		F3E1506E2D38A2C9009926ED /* Main.storyboard */ = {
			isa = PBXVariantGroup;
			children = (
				F3E1506F2D38A2C9009926ED /* Base */,
			);
			name = Main.storyboard;
			sourceTree = "<group>";
		};
		F3E150762D38A2CA009926ED /* LaunchScreen.storyboard */ = {
			isa = PBXVariantGroup;
			children = (
				F3E150772D38A2CA009926ED /* Base */,
			);
			name = LaunchScreen.storyboard;
			sourceTree = "<group>";
		};
/* End PBXVariantGroup section */

/* Begin XCBuildConfiguration section */
		F3E150922D38A2CA009926ED /* Debug */ = {
			isa = XCBuildConfiguration;
			buildSettings = {
				ALWAYS_SEARCH_USER_PATHS = NO;
				CLANG_ANALYZER_NONNULL = YES;
				CLANG_ANALYZER_NUMBER_OBJECT_CONVERSION = YES_AGGRESSIVE;
				CLANG_CXX_LANGUAGE_STANDARD = "gnu++20";
				CLANG_ENABLE_MODULES = YES;
				CLANG_ENABLE_OBJC_ARC = YES;
				CLANG_ENABLE_OBJC_WEAK = YES;
				CLANG_WARN_BLOCK_CAPTURE_AUTORELEASING = YES;
				CLANG_WARN_BOOL_CONVERSION = YES;
				CLANG_WARN_COMMA = YES;
				CLANG_WARN_CONSTANT_CONVERSION = YES;
				CLANG_WARN_DEPRECATED_OBJC_IMPLEMENTATIONS = YES;
				CLANG_WARN_DIRECT_OBJC_ISA_USAGE = YES_ERROR;
				CLANG_WARN_DOCUMENTATION_COMMENTS = YES;
				CLANG_WARN_EMPTY_BODY = YES;
				CLANG_WARN_ENUM_CONVERSION = YES;
				CLANG_WARN_INFINITE_RECURSION = YES;
				CLANG_WARN_INT_CONVERSION = YES;
				CLANG_WARN_NON_LITERAL_NULL_CONVERSION = YES;
				CLANG_WARN_OBJC_IMPLICIT_RETAIN_SELF = YES;
				CLANG_WARN_OBJC_LITERAL_CONVERSION = YES;
				CLANG_WARN_OBJC_ROOT_CLASS = YES_ERROR;
				CLANG_WARN_QUOTED_INCLUDE_IN_FRAMEWORK_HEADER = YES;
				CLANG_WARN_RANGE_LOOP_ANALYSIS = YES;
				CLANG_WARN_STRICT_PROTOTYPES = YES;
				CLANG_WARN_SUSPICIOUS_MOVE = YES;
				CLANG_WARN_UNGUARDED_AVAILABILITY = YES_AGGRESSIVE;
				CLANG_WARN_UNREACHABLE_CODE = YES;
				CLANG_WARN__DUPLICATE_METHOD_MATCH = YES;
				COPY_PHASE_STRIP = NO;
				DEBUG_INFORMATION_FORMAT = dwarf;
				ENABLE_STRICT_OBJC_MSGSEND = YES;
				ENABLE_TESTABILITY = YES;
				GCC_C_LANGUAGE_STANDARD = gnu11;
				GCC_DYNAMIC_NO_PIC = NO;
				GCC_NO_COMMON_BLOCKS = YES;
				GCC_OPTIMIZATION_LEVEL = 0;
				GCC_PREPROCESSOR_DEFINITIONS = (
					"DEBUG=1",
					"$(inherited)",
				);
				GCC_WARN_64_TO_32_BIT_CONVERSION = YES;
				GCC_WARN_ABOUT_RETURN_TYPE = YES_ERROR;
				GCC_WARN_UNDECLARED_SELECTOR = YES;
				GCC_WARN_UNINITIALIZED_AUTOS = YES_AGGRESSIVE;
				GCC_WARN_UNUSED_FUNCTION = YES;
				GCC_WARN_UNUSED_VARIABLE = YES;
				IPHONEOS_DEPLOYMENT_TARGET = 16.4;
				MTL_ENABLE_DEBUG_INFO = INCLUDE_SOURCE;
				MTL_FAST_MATH = YES;
				ONLY_ACTIVE_ARCH = YES;
				SDKROOT = iphoneos;
			};
			name = Debug;
		};
		F3E150932D38A2CA009926ED /* Release */ = {
			isa = XCBuildConfiguration;
			buildSettings = {
				ALWAYS_SEARCH_USER_PATHS = NO;
				CLANG_ANALYZER_NONNULL = YES;
				CLANG_ANALYZER_NUMBER_OBJECT_CONVERSION = YES_AGGRESSIVE;
				CLANG_CXX_LANGUAGE_STANDARD = "gnu++20";
				CLANG_ENABLE_MODULES = YES;
				CLANG_ENABLE_OBJC_ARC = YES;
				CLANG_ENABLE_OBJC_WEAK = YES;
				CLANG_WARN_BLOCK_CAPTURE_AUTORELEASING = YES;
				CLANG_WARN_BOOL_CONVERSION = YES;
				CLANG_WARN_COMMA = YES;
				CLANG_WARN_CONSTANT_CONVERSION = YES;
				CLANG_WARN_DEPRECATED_OBJC_IMPLEMENTATIONS = YES;
				CLANG_WARN_DIRECT_OBJC_ISA_USAGE = YES_ERROR;
				CLANG_WARN_DOCUMENTATION_COMMENTS = YES;
				CLANG_WARN_EMPTY_BODY = YES;
				CLANG_WARN_ENUM_CONVERSION = YES;
				CLANG_WARN_INFINITE_RECURSION = YES;
				CLANG_WARN_INT_CONVERSION = YES;
				CLANG_WARN_NON_LITERAL_NULL_CONVERSION = YES;
				CLANG_WARN_OBJC_IMPLICIT_RETAIN_SELF = YES;
				CLANG_WARN_OBJC_LITERAL_CONVERSION = YES;
				CLANG_WARN_OBJC_ROOT_CLASS = YES_ERROR;
				CLANG_WARN_QUOTED_INCLUDE_IN_FRAMEWORK_HEADER = YES;
				CLANG_WARN_RANGE_LOOP_ANALYSIS = YES;
				CLANG_WARN_STRICT_PROTOTYPES = YES;
				CLANG_WARN_SUSPICIOUS_MOVE = YES;
				CLANG_WARN_UNGUARDED_AVAILABILITY = YES_AGGRESSIVE;
				CLANG_WARN_UNREACHABLE_CODE = YES;
				CLANG_WARN__DUPLICATE_METHOD_MATCH = YES;
				COPY_PHASE_STRIP = NO;
				DEBUG_INFORMATION_FORMAT = "dwarf-with-dsym";
				ENABLE_NS_ASSERTIONS = NO;
				ENABLE_STRICT_OBJC_MSGSEND = YES;
				GCC_C_LANGUAGE_STANDARD = gnu11;
				GCC_NO_COMMON_BLOCKS = YES;
				GCC_WARN_64_TO_32_BIT_CONVERSION = YES;
				GCC_WARN_ABOUT_RETURN_TYPE = YES_ERROR;
				GCC_WARN_UNDECLARED_SELECTOR = YES;
				GCC_WARN_UNINITIALIZED_AUTOS = YES_AGGRESSIVE;
				GCC_WARN_UNUSED_FUNCTION = YES;
				GCC_WARN_UNUSED_VARIABLE = YES;
				IPHONEOS_DEPLOYMENT_TARGET = 16.4;
				MTL_ENABLE_DEBUG_INFO = NO;
				MTL_FAST_MATH = YES;
				SDKROOT = iphoneos;
				VALIDATE_PRODUCT = YES;
			};
			name = Release;
		};
		F3E150952D38A2CA009926ED /* Debug */ = {
			isa = XCBuildConfiguration;
			buildSettings = {
				ASSETCATALOG_COMPILER_APPICON_NAME = AppIcon;
				ASSETCATALOG_COMPILER_GLOBAL_ACCENT_COLOR_NAME = AccentColor;
				CODE_SIGN_STYLE = Automatic;
				CURRENT_PROJECT_VERSION = 1;
				DEVELOPMENT_TEAM = 7X9M75N35U;
				GENERATE_INFOPLIST_FILE = YES;
				INFOPLIST_FILE = "shuwen-video-ios/Info.plist";
				INFOPLIST_KEY_UIApplicationSupportsIndirectInputEvents = YES;
				INFOPLIST_KEY_UILaunchStoryboardName = LaunchScreen;
				INFOPLIST_KEY_UIMainStoryboardFile = Main;
				INFOPLIST_KEY_UISupportedInterfaceOrientations_iPad = "UIInterfaceOrientationPortrait UIInterfaceOrientationPortraitUpsideDown UIInterfaceOrientationLandscapeLeft UIInterfaceOrientationLandscapeRight";
				INFOPLIST_KEY_UISupportedInterfaceOrientations_iPhone = "UIInterfaceOrientationPortrait UIInterfaceOrientationLandscapeLeft UIInterfaceOrientationLandscapeRight";
				LD_RUNPATH_SEARCH_PATHS = (
					"$(inherited)",
					"@executable_path/Frameworks",
				);
				MARKETING_VERSION = 1.0;
				PRODUCT_BUNDLE_IDENTIFIER = "shuwen.shuwen-video-ios";
				PRODUCT_NAME = "$(TARGET_NAME)";
				SWIFT_EMIT_LOC_STRINGS = YES;
				TARGETED_DEVICE_FAMILY = "1,2";
			};
			name = Debug;
		};
		F3E150962D38A2CA009926ED /* Release */ = {
			isa = XCBuildConfiguration;
			buildSettings = {
				ASSETCATALOG_COMPILER_APPICON_NAME = AppIcon;
				ASSETCATALOG_COMPILER_GLOBAL_ACCENT_COLOR_NAME = AccentColor;
				CODE_SIGN_STYLE = Automatic;
				CURRENT_PROJECT_VERSION = 1;
				DEVELOPMENT_TEAM = 7X9M75N35U;
				GENERATE_INFOPLIST_FILE = YES;
				INFOPLIST_FILE = "shuwen-video-ios/Info.plist";
				INFOPLIST_KEY_UIApplicationSupportsIndirectInputEvents = YES;
				INFOPLIST_KEY_UILaunchStoryboardName = LaunchScreen;
				INFOPLIST_KEY_UIMainStoryboardFile = Main;
				INFOPLIST_KEY_UISupportedInterfaceOrientations_iPad = "UIInterfaceOrientationPortrait UIInterfaceOrientationPortraitUpsideDown UIInterfaceOrientationLandscapeLeft UIInterfaceOrientationLandscapeRight";
				INFOPLIST_KEY_UISupportedInterfaceOrientations_iPhone = "UIInterfaceOrientationPortrait UIInterfaceOrientationLandscapeLeft UIInterfaceOrientationLandscapeRight";
				LD_RUNPATH_SEARCH_PATHS = (
					"$(inherited)",
					"@executable_path/Frameworks",
				);
				MARKETING_VERSION = 1.0;
				PRODUCT_BUNDLE_IDENTIFIER = "shuwen.shuwen-video-ios";
				PRODUCT_NAME = "$(TARGET_NAME)";
				SWIFT_EMIT_LOC_STRINGS = YES;
				TARGETED_DEVICE_FAMILY = "1,2";
			};
			name = Release;
		};
		F3E150982D38A2CA009926ED /* Debug */ = {
			isa = XCBuildConfiguration;
			buildSettings = {
				BUNDLE_LOADER = "$(TEST_HOST)";
				CODE_SIGN_STYLE = Automatic;
				CURRENT_PROJECT_VERSION = 1;
				DEVELOPMENT_TEAM = 7X9M75N35U;
				GENERATE_INFOPLIST_FILE = YES;
				IPHONEOS_DEPLOYMENT_TARGET = 16.4;
				MARKETING_VERSION = 1.0;
				PRODUCT_BUNDLE_IDENTIFIER = "shuwen.shuwen-video-iosTests";
				PRODUCT_NAME = "$(TARGET_NAME)";
				SWIFT_EMIT_LOC_STRINGS = NO;
				TARGETED_DEVICE_FAMILY = "1,2";
				TEST_HOST = "$(BUILT_PRODUCTS_DIR)/shuwen-video-ios.app/$(BUNDLE_EXECUTABLE_FOLDER_PATH)/shuwen-video-ios";
			};
			name = Debug;
		};
		F3E150992D38A2CA009926ED /* Release */ = {
			isa = XCBuildConfiguration;
			buildSettings = {
				BUNDLE_LOADER = "$(TEST_HOST)";
				CODE_SIGN_STYLE = Automatic;
				CURRENT_PROJECT_VERSION = 1;
				DEVELOPMENT_TEAM = 7X9M75N35U;
				GENERATE_INFOPLIST_FILE = YES;
				IPHONEOS_DEPLOYMENT_TARGET = 16.4;
				MARKETING_VERSION = 1.0;
				PRODUCT_BUNDLE_IDENTIFIER = "shuwen.shuwen-video-iosTests";
				PRODUCT_NAME = "$(TARGET_NAME)";
				SWIFT_EMIT_LOC_STRINGS = NO;
				TARGETED_DEVICE_FAMILY = "1,2";
				TEST_HOST = "$(BUILT_PRODUCTS_DIR)/shuwen-video-ios.app/$(BUNDLE_EXECUTABLE_FOLDER_PATH)/shuwen-video-ios";
			};
			name = Release;
		};
		F3E1509B2D38A2CA009926ED /* Debug */ = {
			isa = XCBuildConfiguration;
			buildSettings = {
				CODE_SIGN_STYLE = Automatic;
				CURRENT_PROJECT_VERSION = 1;
				DEVELOPMENT_TEAM = 7X9M75N35U;
				GENERATE_INFOPLIST_FILE = YES;
				MARKETING_VERSION = 1.0;
				PRODUCT_BUNDLE_IDENTIFIER = "shuwen.shuwen-video-iosUITests";
				PRODUCT_NAME = "$(TARGET_NAME)";
				SWIFT_EMIT_LOC_STRINGS = NO;
				TARGETED_DEVICE_FAMILY = "1,2";
				TEST_TARGET_NAME = "shuwen-video-ios";
			};
			name = Debug;
		};
		F3E1509C2D38A2CA009926ED /* Release */ = {
			isa = XCBuildConfiguration;
			buildSettings = {
				CODE_SIGN_STYLE = Automatic;
				CURRENT_PROJECT_VERSION = 1;
				DEVELOPMENT_TEAM = 7X9M75N35U;
				GENERATE_INFOPLIST_FILE = YES;
				MARKETING_VERSION = 1.0;
				PRODUCT_BUNDLE_IDENTIFIER = "shuwen.shuwen-video-iosUITests";
				PRODUCT_NAME = "$(TARGET_NAME)";
				SWIFT_EMIT_LOC_STRINGS = NO;
				TARGETED_DEVICE_FAMILY = "1,2";
				TEST_TARGET_NAME = "shuwen-video-ios";
			};
			name = Release;
		};
/* End XCBuildConfiguration section */

/* Begin XCConfigurationList section */
		F3E1505D2D38A2C9009926ED /* Build configuration list for PBXProject "shuwen-video-ios" */ = {
			isa = XCConfigurationList;
			buildConfigurations = (
				F3E150922D38A2CA009926ED /* Debug */,
				F3E150932D38A2CA009926ED /* Release */,
			);
			defaultConfigurationIsVisible = 0;
			defaultConfigurationName = Release;
		};
		F3E150942D38A2CA009926ED /* Build configuration list for PBXNativeTarget "shuwen-video-ios" */ = {
			isa = XCConfigurationList;
			buildConfigurations = (
				F3E150952D38A2CA009926ED /* Debug */,
				F3E150962D38A2CA009926ED /* Release */,
			);
			defaultConfigurationIsVisible = 0;
			defaultConfigurationName = Release;
		};
		F3E150972D38A2CA009926ED /* Build configuration list for PBXNativeTarget "shuwen-video-iosTests" */ = {
			isa = XCConfigurationList;
			buildConfigurations = (
				F3E150982D38A2CA009926ED /* Debug */,
				F3E150992D38A2CA009926ED /* Release */,
			);
			defaultConfigurationIsVisible = 0;
			defaultConfigurationName = Release;
		};
		F3E1509A2D38A2CA009926ED /* Build configuration list for PBXNativeTarget "shuwen-video-iosUITests" */ = {
			isa = XCConfigurationList;
			buildConfigurations = (
				F3E1509B2D38A2CA009926ED /* Debug */,
				F3E1509C2D38A2CA009926ED /* Release */,
			);
			defaultConfigurationIsVisible = 0;
			defaultConfigurationName = Release;
		};
/* End XCConfigurationList section */

/* Begin XCVersionGroup section */
		F3E150712D38A2C9009926ED /* shuwen_video_ios.xcdatamodeld */ = {
			isa = XCVersionGroup;
			children = (
				F3E150722D38A2C9009926ED /* shuwen_video_ios.xcdatamodel */,
			);
			currentVersion = F3E150722D38A2C9009926ED /* shuwen_video_ios.xcdatamodel */;
			path = shuwen_video_ios.xcdatamodeld;
			sourceTree = "<group>";
			versionGroupType = wrapper.xcdatamodel;
		};
/* End XCVersionGroup section */
	};
	rootObject = F3E1505A2D38A2C9009926ED /* Project object */;
}
